
Microsoft Visual Studio Solution File, Format Version 12.00
# Visual Studio Version 16
VisualStudioVersion = 16.0.33529.622
MinimumVisualStudioVersion = 10.0.40219.1
Project("{8BC9CEB8-8B4A-11D0-8D11-00A0C91BC942}") = "CGoCQ", "CGoCQ.vcxproj", "{7F9E83E2-7953-43A8-8B28-3D2E699755F4}"
EndProject
Global
	GlobalSection(SolutionConfigurationPlatforms) = preSolution
		Debug|x64 = Debug|x64
		Release|x64 = Release|x64
	EndGlobalSection
	GlobalSection(ProjectConfigurationPlatforms) = postSolution
		{7F9E83E2-7953-43A8-8B28-3D2E699755F4}.Debug|x64.ActiveCfg = Debug|x64
		{7F9E83E2-7953-43A8-8B28-3D2E699755F4}.Debug|x64.Build.0 = Debug|x64
		{7F9E83E2-7953-43A8-8B28-3D2E699755F4}.Release|x64.ActiveCfg = Release|x64
		{7F9E83E2-7953-43A8-8B28-3D2E699755F4}.Release|x64.Build.0 = Release|x64
	EndGlobalSection
	GlobalSection(SolutionProperties) = preSolution
		HideSolutionNode = FALSE
	EndGlobalSection
	GlobalSection(ExtensibilityGlobals) = postSolution
		SolutionGuid = {F9FC0E71-0A2A-48D9-9AE3-071FAD979121}
	EndGlobalSection
EndGlobal
